
Microsoft Visual Studio Solution File, Format Version 12.00
# Visual Studio 15
Project("{FAE04EC0-301F-11D3-BF4B-00C04F79EFBC}") = "Unity.2D.Tilemap.Extras", "Unity.2D.Tilemap.Extras.csproj", "{AB16CED3-B8E4-AD04-AB73-CA3B0ED10FAD}"
EndProject
Project("{FAE04EC0-301F-11D3-BF4B-00C04F79EFBC}") = "Assembly-CSharp", "Assembly-CSharp.csproj", "{66F9A578-3AF3-7BAC-B36B-AF2FD97B47D1}"
EndProject
Project("{FAE04EC0-301F-11D3-BF4B-00C04F79EFBC}") = "Unity.2D.Tilemap.Extras.Editor", "Unity.2D.Tilemap.Extras.Editor.csproj", "{4BAD0846-155F-C529-D9CE-67EEBF8F6A58}"
EndProject
Project("{FAE04EC0-301F-11D3-BF4B-00C04F79EFBC}") = "Unity.2D.Tilemap.Extras.Placeholder.EditorTests", "Unity.2D.Tilemap.Extras.Placeholder.EditorTests.csproj", "{F9A6B224-AED9-60A6-D51F-52DF0A5C9B76}"
EndProject
Global
	GlobalSection(SolutionConfigurationPlatforms) = preSolution
		Debug|Any CPU = Debug|Any CPU
		Release|Any CPU = Release|Any CPU
	EndGlobalSection
	GlobalSection(ProjectConfigurationPlatforms) = postSolution
		{AB16CED3-B8E4-AD04-AB73-CA3B0ED10FAD}.Debug|Any CPU.ActiveCfg = Debug|Any CPU
		{AB16CED3-B8E4-AD04-AB73-CA3B0ED10FAD}.Debug|Any CPU.Build.0 = Debug|Any CPU
		{AB16CED3-B8E4-AD04-AB73-CA3B0ED10FAD}.Release|Any CPU.ActiveCfg = Release|Any CPU
		{AB16CED3-B8E4-AD04-AB73-CA3B0ED10FAD}.Release|Any CPU.Build.0 = Release|Any CPU
		{66F9A578-3AF3-7BAC-B36B-AF2FD97B47D1}.Debug|Any CPU.ActiveCfg = Debug|Any CPU
		{66F9A578-3AF3-7BAC-B36B-AF2FD97B47D1}.Debug|Any CPU.Build.0 = Debug|Any CPU
		{66F9A578-3AF3-7BAC-B36B-AF2FD97B47D1}.Release|Any CPU.ActiveCfg = Release|Any CPU
		{66F9A578-3AF3-7BAC-B36B-AF2FD97B47D1}.Release|Any CPU.Build.0 = Release|Any CPU
		{4BAD0846-155F-C529-D9CE-67EEBF8F6A58}.Debug|Any CPU.ActiveCfg = Debug|Any CPU
		{4BAD0846-155F-C529-D9CE-67EEBF8F6A58}.Debug|Any CPU.Build.0 = Debug|Any CPU
		{4BAD0846-155F-C529-D9CE-67EEBF8F6A58}.Release|Any CPU.ActiveCfg = Release|Any CPU
		{4BAD0846-155F-C529-D9CE-67EEBF8F6A58}.Release|Any CPU.Build.0 = Release|Any CPU
		{F9A6B224-AED9-60A6-D51F-52DF0A5C9B76}.Debug|Any CPU.ActiveCfg = Debug|Any CPU
		{F9A6B224-AED9-60A6-D51F-52DF0A5C9B76}.Debug|Any CPU.Build.0 = Debug|Any CPU
		{F9A6B224-AED9-60A6-D51F-52DF0A5C9B76}.Release|Any CPU.ActiveCfg = Release|Any CPU
		{F9A6B224-AED9-60A6-D51F-52DF0A5C9B76}.Release|Any CPU.Build.0 = Release|Any CPU
	EndGlobalSection
	GlobalSection(SolutionProperties) = preSolution
		HideSolutionNode = FALSE
	EndGlobalSection
EndGlobal
